
Microsoft Visual Studio Solution File, Format Version 12.00
# Visual Studio 2013
VisualStudioVersion = 12.0.30723.0
MinimumVisualStudioVersion = 10.0.40219.1
Project("{FAE04EC0-301F-11D3-BF4B-00C04F79EFBC}") = "ArticleDataServiceMigration", "ArticleDataServiceMigration\ArticleDataServiceMigration.csproj", "{7BA74F61-816C-4BE4-A08E-34A50ADEEF4F}"
EndProject
Project("{F184B08F-C81C-45F6-A57F-5ABD9991F28F}") = "DbCommon", "DbCommon\DbCommon.vbproj", "{33A5DFD0-145A-4924-8FBE-1BADF84020BF}"
EndProject
Project("{FAE04EC0-301F-11D3-BF4B-00C04F79EFBC}") = "db2DataSet", "db2DataSet\db2DataSet.csproj", "{DCC06987-854F-4DCB-B151-BD7E1EA37AE6}"
EndProject
Project("{FAE04EC0-301F-11D3-BF4B-00C04F79EFBC}") = "OWC", "OWC\OWC.csproj", "{86870245-6790-4A6D-9271-27DDDA504761}"
EndProject
Project("{F184B08F-C81C-45F6-A57F-5ABD9991F28F}") = "BusinessRule", "BusinessRule\BusinessRule.vbproj", "{96C28293-176A-4E0D-8459-DC670AD0B054}"
EndProject
Project("{F184B08F-C81C-45F6-A57F-5ABD9991F28F}") = "DataAuthentication", "DataAuthentication\DataAuthentication.vbproj", "{A2D8CB4D-E197-4125-A014-4F14C6273741}"
EndProject
Project("{FAE04EC0-301F-11D3-BF4B-00C04F79EFBC}") = "Migration", "Migration\Migration.csproj", "{93F174CC-B59A-4A6A-B36D-B5785B514B2E}"
EndProject
Project("{FAE04EC0-301F-11D3-BF4B-00C04F79EFBC}") = "NDesk", "NDesk\NDesk.csproj", "{22F72E81-9CF7-4266-BBCD-A22557E3D0B6}"
EndProject
Project("{FAE04EC0-301F-11D3-BF4B-00C04F79EFBC}") = "ProfileTree", "ProfileTree\ProfileTree.csproj", "{22AB4AD0-E629-434C-ACC6-91C03EB2ED77}"
EndProject
Project("{FAE04EC0-301F-11D3-BF4B-00C04F79EFBC}") = "DataModels", "DataModels\DataModels.csproj", "{46080AC3-9FBA-4E82-9283-67531FECF89E}"
EndProject
Project("{FAE04EC0-301F-11D3-BF4B-00C04F79EFBC}") = "LoadSectionAnchorMap", "LoadSectionAnchorMap\LoadSectionAnchorMap.csproj", "{D8CCECAF-3D84-4453-BBB7-65B64AE2C36B}"
EndProject
Project("{FAE04EC0-301F-11D3-BF4B-00C04F79EFBC}") = "ArticleDataServiceMigration2", "ArticleDataServiceMigration2\ArticleDataServiceMigration2.csproj", "{D3B29A0E-0B4D-4B98-A930-8D3476ADAE46}"
EndProject
Project("{FAE04EC0-301F-11D3-BF4B-00C04F79EFBC}") = "UncAccess", "UncAccess\UncAccess.csproj", "{EEAB4D74-64C9-488F-98EF-BCE316B5673C}"
EndProject
Project("{FAE04EC0-301F-11D3-BF4B-00C04F79EFBC}") = "DataTransferObjects", "..\UserAuthorization\UserAuthorization\DataTransferObjects\DataTransferObjects.csproj", "{46140C8A-A661-4469-95A0-96488E3FE314}"
EndProject
Project("{FAE04EC0-301F-11D3-BF4B-00C04F79EFBC}") = "WcfServiceAuthLib", "..\UserAuthorization\UserAuthorization\WcfServiceAuthLib\WcfServiceAuthLib.csproj", "{FCFD2931-2135-4AC0-887F-BBB6A2A3E888}"
EndProject
Project("{FAE04EC0-301F-11D3-BF4B-00C04F79EFBC}") = "DataAccess", "..\UserAuthorization\UserAuthorization\DataAccess\DataAccess.csproj", "{D4731F3C-DB10-47B0-9D63-A0A6E52F3F51}"
EndProject
Project("{F184B08F-C81C-45F6-A57F-5ABD9991F28F}") = "DataSets", "..\UserAuthorization\UserAuthorization\DataSets\DataSets.vbproj", "{17EB41BC-C199-4126-8AAF-FE4E0E44F3B3}"
EndProject
Project("{E24C65DC-7377-472B-9ABA-BC803B73C61A}") = "Migrate(1)", "Migrate", "{2A695D89-5873-466F-91C8-373F13141E7C}"
	ProjectSection(WebsiteProperties) = preProject
		SccProjectName = "SAK"
		SccAuxPath = "SAK"
		SccLocalPath = "SAK"
		SccProvider = "SAK"
		TargetFrameworkMoniker = ".NETFramework,Version%3Dv4.0"
		ProjectReferences = "{46080AC3-9FBA-4E82-9283-67531FECF89E}|DataModels.dll;{96C28293-176A-4E0D-8459-DC670AD0B054}|BusinessRule.dll;{A2D8CB4D-E197-4125-A014-4F14C6273741}|DataAuthentication.dll;{33A5DFD0-145A-4924-8FBE-1BADF84020BF}|DbCommon.dll;{86870245-6790-4A6D-9271-27DDDA504761}|OWC.dll;{EEAB4D74-64C9-488F-98EF-BCE316B5673C}|UncAccess.dll;"
		Debug.AspNetCompiler.VirtualPath = "/Migrate"
		Debug.AspNetCompiler.PhysicalPath = "Migrate\"
		Debug.AspNetCompiler.TargetPath = "PrecompiledWeb\Migrate\"
		Debug.AspNetCompiler.Updateable = "true"
		Debug.AspNetCompiler.ForceOverwrite = "true"
		Debug.AspNetCompiler.FixedNames = "false"
		Debug.AspNetCompiler.Debug = "True"
		Release.AspNetCompiler.VirtualPath = "/Migrate"
		Release.AspNetCompiler.PhysicalPath = "Migrate\"
		Release.AspNetCompiler.TargetPath = "PrecompiledWeb\Migrate\"
		Release.AspNetCompiler.Updateable = "true"
		Release.AspNetCompiler.ForceOverwrite = "true"
		Release.AspNetCompiler.FixedNames = "false"
		Release.AspNetCompiler.Debug = "False"
		VWDPort = "49597"
		SlnRelativePath = "Migrate\"
		DefaultWebSiteLanguage = "Visual Basic"
	EndProjectSection
EndProject
Project("{FAE04EC0-301F-11D3-BF4B-00C04F79EFBC}") = "MigrateCleanerTest", "MigrateCleanerTest\MigrateCleanerTest.csproj", "{ACF0F52C-A59E-4D34-89F9-C8CC123783DA}"
EndProject
Project("{F184B08F-C81C-45F6-A57F-5ABD9991F28F}") = "testOWS", "testOWS\testOWS.vbproj", "{67F00057-EE87-4F91-9D0D-30BD1CC98004}"
EndProject
Project("{FAE04EC0-301F-11D3-BF4B-00C04F79EFBC}") = "UpdateViewUri", "UpdateViewUri\UpdateViewUri.csproj", "{811F9714-A06F-4F7B-9E94-6C279B48A30E}"
EndProject
Project("{F184B08F-C81C-45F6-A57F-5ABD9991F28F}") = "NotFound", "NotFound\NotFound.vbproj", "{EAE561F9-BDED-4967-B1B3-3470AAD74B17}"
EndProject
Project("{F184B08F-C81C-45F6-A57F-5ABD9991F28F}") = "RssReader", "RssReader\RssReader.vbproj", "{DB9E830E-0635-4AB2-9574-738F7DC1AD67}"
EndProject
Project("{E24C65DC-7377-472B-9ABA-BC803B73C61A}") = "ReportViewer(1)", "ReportViewer", "{77DB63BC-7F6C-4895-8A24-82B8A05A0BF1}"
	ProjectSection(WebsiteProperties) = preProject
		SccProjectName = "SAK"
		SccAuxPath = "SAK"
		SccLocalPath = "SAK"
		SccProvider = "SAK"
		TargetFrameworkMoniker = ".NETFramework,Version%3Dv4.0"
		ProjectReferences = "{33A5DFD0-145A-4924-8FBE-1BADF84020BF}|DbCommon.dll;"
		Debug.AspNetCompiler.VirtualPath = "/ReportViewer"
		Debug.AspNetCompiler.PhysicalPath = "ReportViewer\"
		Debug.AspNetCompiler.TargetPath = "PrecompiledWeb\ReportViewer\"
		Debug.AspNetCompiler.Updateable = "true"
		Debug.AspNetCompiler.ForceOverwrite = "true"
		Debug.AspNetCompiler.FixedNames = "false"
		Debug.AspNetCompiler.Debug = "True"
		Release.AspNetCompiler.VirtualPath = "/ReportViewer"
		Release.AspNetCompiler.PhysicalPath = "ReportViewer\"
		Release.AspNetCompiler.TargetPath = "PrecompiledWeb\ReportViewer\"
		Release.AspNetCompiler.Updateable = "true"
		Release.AspNetCompiler.ForceOverwrite = "true"
		Release.AspNetCompiler.FixedNames = "false"
		Release.AspNetCompiler.Debug = "False"
		VWDPort = "58949"
		SlnRelativePath = "ReportViewer\"
		DefaultWebSiteLanguage = "Visual Basic"
	EndProjectSection
EndProject
Project("{FAE04EC0-301F-11D3-BF4B-00C04F79EFBC}") = "rssImport", "rssImport\rssImport.csproj", "{2EBFBB10-41B9-4F49-B7F4-02A38ECC3CD1}"
EndProject
Project("{E24C65DC-7377-472B-9ABA-BC803B73C61A}") = "NavigationReview(1)", "NavigationReview", "{9AFE2357-CA1F-4364-8C2F-CDA7879C315C}"
	ProjectSection(WebsiteProperties) = preProject
		SccProjectName = "SAK"
		SccAuxPath = "SAK"
		SccLocalPath = "SAK"
		SccProvider = "SAK"
		TargetFrameworkMoniker = ".NETFramework,Version%3Dv4.0"
		ProjectReferences = "{46080AC3-9FBA-4E82-9283-67531FECF89E}|DataModels.dll;"
		Debug.AspNetCompiler.VirtualPath = "/NavigationReview"
		Debug.AspNetCompiler.PhysicalPath = "NavigationReview\"
		Debug.AspNetCompiler.TargetPath = "PrecompiledWeb\NavigationReview\"
		Debug.AspNetCompiler.Updateable = "true"
		Debug.AspNetCompiler.ForceOverwrite = "true"
		Debug.AspNetCompiler.FixedNames = "false"
		Debug.AspNetCompiler.Debug = "True"
		Release.AspNetCompiler.VirtualPath = "/NavigationReview"
		Release.AspNetCompiler.PhysicalPath = "NavigationReview\"
		Release.AspNetCompiler.TargetPath = "PrecompiledWeb\NavigationReview\"
		Release.AspNetCompiler.Updateable = "true"
		Release.AspNetCompiler.ForceOverwrite = "true"
		Release.AspNetCompiler.FixedNames = "false"
		Release.AspNetCompiler.Debug = "False"
		VWDPort = "55858"
		SlnRelativePath = "NavigationReview\"
		DefaultWebSiteLanguage = "Visual C#"
	EndProjectSection
EndProject
Project("{E24C65DC-7377-472B-9ABA-BC803B73C61A}") = "ArticleDbViewer(1)", "http://localhost:56808", "{8EE767BD-2203-4AEC-86A5-2EF88D5C2BFA}"
	ProjectSection(WebsiteProperties) = preProject
		UseIISExpress = "true"
		TargetFrameworkMoniker = ".NETFramework,Version%3Dv4.0"
		Debug.AspNetCompiler.VirtualPath = "/localhost_56808"
		Debug.AspNetCompiler.PhysicalPath = "ArticleDbViewer\"
		Debug.AspNetCompiler.TargetPath = "PrecompiledWeb\localhost_56808\"
		Debug.AspNetCompiler.Updateable = "true"
		Debug.AspNetCompiler.ForceOverwrite = "true"
		Debug.AspNetCompiler.FixedNames = "false"
		Debug.AspNetCompiler.Debug = "True"
		Release.AspNetCompiler.VirtualPath = "/localhost_56808"
		Release.AspNetCompiler.PhysicalPath = "ArticleDbViewer\"
		Release.AspNetCompiler.TargetPath = "PrecompiledWeb\localhost_56808\"
		Release.AspNetCompiler.Updateable = "true"
		Release.AspNetCompiler.ForceOverwrite = "true"
		Release.AspNetCompiler.FixedNames = "false"
		Release.AspNetCompiler.Debug = "False"
		SlnRelativePath = "ArticleDbViewer\"
	EndProjectSection
EndProject
Project("{FAE04EC0-301F-11D3-BF4B-00C04F79EFBC}") = "BusinessRuleC", "BusinessRuleC\BusinessRuleC.csproj", "{4BF5642E-684E-4354-8CC0-AC8222DEF401}"
EndProject
Global
	GlobalSection(TeamFoundationVersionControl) = preSolution
		SccNumberOfProjects = 29
		SccEnterpriseProvider = {4CA58AB2-18FA-4F8D-95D4-32DDF27D184C}
		SccTeamFoundationServer = http://dpd900:8080/tfs/defaultcollection
		SccLocalPath0 = .
		SccProjectUniqueName1 = ArticleDataServiceMigration\\ArticleDataServiceMigration.csproj
		SccProjectName1 = ArticleDataServiceMigration
		SccLocalPath1 = ArticleDataServiceMigration
		SccWebProject2 = true
		SccProjectUniqueName2 = ArticleDbViewer
		SccProjectName2 = ArticleDbViewer
		SccLocalPath2 = ArticleDbViewer
		SccProjectEnlistmentChoice2 = 2
		SccProjectUniqueName3 = db2DataSet\\db2DataSet.csproj
		SccProjectName3 = db2DataSet
		SccLocalPath3 = db2DataSet
		SccProjectUniqueName4 = DbCommon\\DbCommon.vbproj
		SccProjectName4 = DbCommon
		SccLocalPath4 = DbCommon
		SccProjectUniqueName5 = OWC\\OWC.csproj
		SccProjectName5 = OWC
		SccLocalPath5 = OWC
		SccProjectUniqueName6 = BusinessRule\\BusinessRule.vbproj
		SccProjectName6 = BusinessRule
		SccLocalPath6 = BusinessRule
		SccProjectUniqueName7 = DataAuthentication\\DataAuthentication.vbproj
		SccProjectName7 = DataAuthentication
		SccLocalPath7 = DataAuthentication
		SccProjectUniqueName8 = Migration\\Migration.csproj
		SccProjectName8 = Migration
		SccLocalPath8 = Migration
		SccProjectUniqueName9 = NDesk\\NDesk.csproj
		SccProjectName9 = NDesk
		SccLocalPath9 = NDesk
		SccProjectUniqueName10 = ProfileTree\\ProfileTree.csproj
		SccProjectName10 = ProfileTree
		SccLocalPath10 = ProfileTree
		SccProjectUniqueName11 = BusinessRuleC\\BusinessRuleC.csproj
		SccProjectName11 = BusinessRuleC
		SccLocalPath11 = BusinessRuleC
		SccProjectUniqueName12 = DataModels\\DataModels.csproj
		SccProjectName12 = DataModels
		SccLocalPath12 = DataModels
		SccProjectUniqueName13 = LoadSectionAnchorMap\\LoadSectionAnchorMap.csproj
		SccProjectName13 = LoadSectionAnchorMap
		SccLocalPath13 = LoadSectionAnchorMap
		SccProjectUniqueName14 = ArticleDataServiceMigration2\\ArticleDataServiceMigration2.csproj
		SccProjectName14 = ArticleDataServiceMigration2
		SccLocalPath14 = ArticleDataServiceMigration2
		SccProjectUniqueName15 = UncAccess\\UncAccess.csproj
		SccProjectName15 = UncAccess
		SccLocalPath15 = UncAccess
		SccProjectUniqueName16 = ..\\UserAuthorization\\UserAuthorization\\DataTransferObjects\\DataTransferObjects.csproj
		SccProjectName16 = ../UserAuthorization/DataTransferObjects
		SccLocalPath16 = ..\\UserAuthorization\\UserAuthorization\\DataTransferObjects
		SccProjectUniqueName17 = ..\\UserAuthorization\\UserAuthorization\\WcfServiceAuthLib\\WcfServiceAuthLib.csproj
		SccProjectName17 = ../UserAuthorization/WcfServiceAuthLib
		SccLocalPath17 = ..\\UserAuthorization\\UserAuthorization\\WcfServiceAuthLib
		SccProjectUniqueName18 = ..\\UserAuthorization\\UserAuthorization\\DataAccess\\DataAccess.csproj
		SccProjectName18 = ../UserAuthorization/DataAccess
		SccLocalPath18 = ..\\UserAuthorization\\UserAuthorization\\DataAccess
		SccProjectUniqueName19 = ..\\UserAuthorization\\UserAuthorization\\DataSets\\DataSets.vbproj
		SccProjectName19 = ../UserAuthorization/DataSets
		SccLocalPath19 = ..\\UserAuthorization\\UserAuthorization\\DataSets
		SccWebProject20 = true
		SccProjectUniqueName20 = Migrate
		SccProjectName20 = Migrate
		SccLocalPath20 = Migrate
		SccProjectEnlistmentChoice20 = 2
		SccProjectUniqueName21 = MigrateCleanerTest\\MigrateCleanerTest.csproj
		SccProjectName21 = MigrateCleanerTest
		SccLocalPath21 = MigrateCleanerTest
		SccProjectUniqueName22 = testOWS\\testOWS.vbproj
		SccProjectName22 = testOWS
		SccLocalPath22 = testOWS
		SccProjectUniqueName23 = UpdateViewUri\\UpdateViewUri.csproj
		SccProjectName23 = UpdateViewUri
		SccLocalPath23 = UpdateViewUri
		SccProjectUniqueName24 = NotFound\\NotFound.vbproj
		SccProjectName24 = NotFound
		SccLocalPath24 = NotFound
		SccProjectUniqueName25 = RssReader\\RssReader.vbproj
		SccProjectName25 = RssReader
		SccLocalPath25 = RssReader
		SccWebProject26 = true
		SccProjectUniqueName26 = ReportViewer
		SccProjectName26 = ReportViewer
		SccLocalPath26 = ReportViewer
		SccProjectEnlistmentChoice26 = 2
		SccProjectUniqueName27 = rssImport\\rssImport.csproj
		SccProjectName27 = rssImport
		SccLocalPath27 = rssImport
		SccWebProject28 = true
		SccProjectUniqueName28 = NavigationReview
		SccProjectName28 = NavigationReview
		SccLocalPath28 = NavigationReview
		SccProjectEnlistmentChoice28 = 2
	EndGlobalSection
	GlobalSection(SolutionConfigurationPlatforms) = preSolution
		Debug|Any CPU = Debug|Any CPU
		Debug|Mixed Platforms = Debug|Mixed Platforms
		Debug|x86 = Debug|x86
		Release|Any CPU = Release|Any CPU
		Release|Mixed Platforms = Release|Mixed Platforms
		Release|x86 = Release|x86
	EndGlobalSection
	GlobalSection(ProjectConfigurationPlatforms) = postSolution
		{7BA74F61-816C-4BE4-A08E-34A50ADEEF4F}.Debug|Any CPU.ActiveCfg = Debug|Any CPU
		{7BA74F61-816C-4BE4-A08E-34A50ADEEF4F}.Debug|Any CPU.Build.0 = Debug|Any CPU
		{7BA74F61-816C-4BE4-A08E-34A50ADEEF4F}.Debug|Mixed Platforms.ActiveCfg = Debug|Any CPU
		{7BA74F61-816C-4BE4-A08E-34A50ADEEF4F}.Debug|Mixed Platforms.Build.0 = Debug|Any CPU
		{7BA74F61-816C-4BE4-A08E-34A50ADEEF4F}.Debug|x86.ActiveCfg = Debug|Any CPU
		{7BA74F61-816C-4BE4-A08E-34A50ADEEF4F}.Release|Any CPU.ActiveCfg = Release|Any CPU
		{7BA74F61-816C-4BE4-A08E-34A50ADEEF4F}.Release|Any CPU.Build.0 = Release|Any CPU
		{7BA74F61-816C-4BE4-A08E-34A50ADEEF4F}.Release|Mixed Platforms.ActiveCfg = Release|Any CPU
		{7BA74F61-816C-4BE4-A08E-34A50ADEEF4F}.Release|Mixed Platforms.Build.0 = Release|Any CPU
		{7BA74F61-816C-4BE4-A08E-34A50ADEEF4F}.Release|x86.ActiveCfg = Release|Any CPU
		{33A5DFD0-145A-4924-8FBE-1BADF84020BF}.Debug|Any CPU.ActiveCfg = Debug|Any CPU
		{33A5DFD0-145A-4924-8FBE-1BADF84020BF}.Debug|Any CPU.Build.0 = Debug|Any CPU
		{33A5DFD0-145A-4924-8FBE-1BADF84020BF}.Debug|Mixed Platforms.ActiveCfg = Debug|Any CPU
		{33A5DFD0-145A-4924-8FBE-1BADF84020BF}.Debug|Mixed Platforms.Build.0 = Debug|Any CPU
		{33A5DFD0-145A-4924-8FBE-1BADF84020BF}.Debug|x86.ActiveCfg = Debug|Any CPU
		{33A5DFD0-145A-4924-8FBE-1BADF84020BF}.Release|Any CPU.ActiveCfg = Release|Any CPU
		{33A5DFD0-145A-4924-8FBE-1BADF84020BF}.Release|Any CPU.Build.0 = Release|Any CPU
		{33A5DFD0-145A-4924-8FBE-1BADF84020BF}.Release|Mixed Platforms.ActiveCfg = Release|Any CPU
		{33A5DFD0-145A-4924-8FBE-1BADF84020BF}.Release|Mixed Platforms.Build.0 = Release|Any CPU
		{33A5DFD0-145A-4924-8FBE-1BADF84020BF}.Release|x86.ActiveCfg = Release|Any CPU
		{DCC06987-854F-4DCB-B151-BD7E1EA37AE6}.Debug|Any CPU.ActiveCfg = Debug|Any CPU
		{DCC06987-854F-4DCB-B151-BD7E1EA37AE6}.Debug|Any CPU.Build.0 = Debug|Any CPU
		{DCC06987-854F-4DCB-B151-BD7E1EA37AE6}.Debug|Mixed Platforms.ActiveCfg = Debug|Any CPU
		{DCC06987-854F-4DCB-B151-BD7E1EA37AE6}.Debug|Mixed Platforms.Build.0 = Debug|Any CPU
		{DCC06987-854F-4DCB-B151-BD7E1EA37AE6}.Debug|x86.ActiveCfg = Debug|Any CPU
		{DCC06987-854F-4DCB-B151-BD7E1EA37AE6}.Release|Any CPU.ActiveCfg = Release|Any CPU
		{DCC06987-854F-4DCB-B151-BD7E1EA37AE6}.Release|Any CPU.Build.0 = Release|Any CPU
		{DCC06987-854F-4DCB-B151-BD7E1EA37AE6}.Release|Mixed Platforms.ActiveCfg = Release|Any CPU
		{DCC06987-854F-4DCB-B151-BD7E1EA37AE6}.Release|Mixed Platforms.Build.0 = Release|Any CPU
		{DCC06987-854F-4DCB-B151-BD7E1EA37AE6}.Release|x86.ActiveCfg = Release|Any CPU
		{86870245-6790-4A6D-9271-27DDDA504761}.Debug|Any CPU.ActiveCfg = Debug|Any CPU
		{86870245-6790-4A6D-9271-27DDDA504761}.Debug|Any CPU.Build.0 = Debug|Any CPU
		{86870245-6790-4A6D-9271-27DDDA504761}.Debug|Mixed Platforms.ActiveCfg = Debug|Any CPU
		{86870245-6790-4A6D-9271-27DDDA504761}.Debug|Mixed Platforms.Build.0 = Debug|Any CPU
		{86870245-6790-4A6D-9271-27DDDA504761}.Debug|x86.ActiveCfg = Debug|Any CPU
		{86870245-6790-4A6D-9271-27DDDA504761}.Release|Any CPU.ActiveCfg = Release|Any CPU
		{86870245-6790-4A6D-9271-27DDDA504761}.Release|Any CPU.Build.0 = Release|Any CPU
		{86870245-6790-4A6D-9271-27DDDA504761}.Release|Mixed Platforms.ActiveCfg = Release|Any CPU
		{86870245-6790-4A6D-9271-27DDDA504761}.Release|Mixed Platforms.Build.0 = Release|Any CPU
		{86870245-6790-4A6D-9271-27DDDA504761}.Release|x86.ActiveCfg = Release|Any CPU
		{96C28293-176A-4E0D-8459-DC670AD0B054}.Debug|Any CPU.ActiveCfg = Debug|Any CPU
		{96C28293-176A-4E0D-8459-DC670AD0B054}.Debug|Any CPU.Build.0 = Debug|Any CPU
		{96C28293-176A-4E0D-8459-DC670AD0B054}.Debug|Mixed Platforms.ActiveCfg = Debug|Any CPU
		{96C28293-176A-4E0D-8459-DC670AD0B054}.Debug|Mixed Platforms.Build.0 = Debug|Any CPU
		{96C28293-176A-4E0D-8459-DC670AD0B054}.Debug|x86.ActiveCfg = Debug|Any CPU
		{96C28293-176A-4E0D-8459-DC670AD0B054}.Release|Any CPU.ActiveCfg = Release|Any CPU
		{96C28293-176A-4E0D-8459-DC670AD0B054}.Release|Any CPU.Build.0 = Release|Any CPU
		{96C28293-176A-4E0D-8459-DC670AD0B054}.Release|Mixed Platforms.ActiveCfg = Release|Any CPU
		{96C28293-176A-4E0D-8459-DC670AD0B054}.Release|Mixed Platforms.Build.0 = Release|Any CPU
		{96C28293-176A-4E0D-8459-DC670AD0B054}.Release|x86.ActiveCfg = Release|Any CPU
		{A2D8CB4D-E197-4125-A014-4F14C6273741}.Debug|Any CPU.ActiveCfg = Debug|Any CPU
		{A2D8CB4D-E197-4125-A014-4F14C6273741}.Debug|Any CPU.Build.0 = Debug|Any CPU
		{A2D8CB4D-E197-4125-A014-4F14C6273741}.Debug|Mixed Platforms.ActiveCfg = Debug|Any CPU
		{A2D8CB4D-E197-4125-A014-4F14C6273741}.Debug|Mixed Platforms.Build.0 = Debug|Any CPU
		{A2D8CB4D-E197-4125-A014-4F14C6273741}.Debug|x86.ActiveCfg = Debug|Any CPU
		{A2D8CB4D-E197-4125-A014-4F14C6273741}.Release|Any CPU.ActiveCfg = Release|Any CPU
		{A2D8CB4D-E197-4125-A014-4F14C6273741}.Release|Any CPU.Build.0 = Release|Any CPU
		{A2D8CB4D-E197-4125-A014-4F14C6273741}.Release|Mixed Platforms.ActiveCfg = Release|Any CPU
		{A2D8CB4D-E197-4125-A014-4F14C6273741}.Release|Mixed Platforms.Build.0 = Release|Any CPU
		{A2D8CB4D-E197-4125-A014-4F14C6273741}.Release|x86.ActiveCfg = Release|Any CPU
		{93F174CC-B59A-4A6A-B36D-B5785B514B2E}.Debug|Any CPU.ActiveCfg = Debug|x86
		{93F174CC-B59A-4A6A-B36D-B5785B514B2E}.Debug|Mixed Platforms.ActiveCfg = Debug|x86
		{93F174CC-B59A-4A6A-B36D-B5785B514B2E}.Debug|Mixed Platforms.Build.0 = Debug|x86
		{93F174CC-B59A-4A6A-B36D-B5785B514B2E}.Debug|x86.ActiveCfg = Debug|x86
		{93F174CC-B59A-4A6A-B36D-B5785B514B2E}.Debug|x86.Build.0 = Debug|x86
		{93F174CC-B59A-4A6A-B36D-B5785B514B2E}.Release|Any CPU.ActiveCfg = Release|x86
		{93F174CC-B59A-4A6A-B36D-B5785B514B2E}.Release|Mixed Platforms.ActiveCfg = Release|x86
		{93F174CC-B59A-4A6A-B36D-B5785B514B2E}.Release|Mixed Platforms.Build.0 = Release|x86
		{93F174CC-B59A-4A6A-B36D-B5785B514B2E}.Release|x86.ActiveCfg = Release|x86
		{93F174CC-B59A-4A6A-B36D-B5785B514B2E}.Release|x86.Build.0 = Release|x86
		{22F72E81-9CF7-4266-BBCD-A22557E3D0B6}.Debug|Any CPU.ActiveCfg = Debug|Any CPU
		{22F72E81-9CF7-4266-BBCD-A22557E3D0B6}.Debug|Any CPU.Build.0 = Debug|Any CPU
		{22F72E81-9CF7-4266-BBCD-A22557E3D0B6}.Debug|Mixed Platforms.ActiveCfg = Debug|Any CPU
		{22F72E81-9CF7-4266-BBCD-A22557E3D0B6}.Debug|Mixed Platforms.Build.0 = Debug|Any CPU
		{22F72E81-9CF7-4266-BBCD-A22557E3D0B6}.Debug|x86.ActiveCfg = Debug|Any CPU
		{22F72E81-9CF7-4266-BBCD-A22557E3D0B6}.Release|Any CPU.ActiveCfg = Release|Any CPU
		{22F72E81-9CF7-4266-BBCD-A22557E3D0B6}.Release|Any CPU.Build.0 = Release|Any CPU
		{22F72E81-9CF7-4266-BBCD-A22557E3D0B6}.Release|Mixed Platforms.ActiveCfg = Release|Any CPU
		{22F72E81-9CF7-4266-BBCD-A22557E3D0B6}.Release|Mixed Platforms.Build.0 = Release|Any CPU
		{22F72E81-9CF7-4266-BBCD-A22557E3D0B6}.Release|x86.ActiveCfg = Release|Any CPU
		{22AB4AD0-E629-434C-ACC6-91C03EB2ED77}.Debug|Any CPU.ActiveCfg = Debug|x86
		{22AB4AD0-E629-434C-ACC6-91C03EB2ED77}.Debug|Mixed Platforms.ActiveCfg = Debug|x86
		{22AB4AD0-E629-434C-ACC6-91C03EB2ED77}.Debug|Mixed Platforms.Build.0 = Debug|x86
		{22AB4AD0-E629-434C-ACC6-91C03EB2ED77}.Debug|x86.ActiveCfg = Debug|x86
		{22AB4AD0-E629-434C-ACC6-91C03EB2ED77}.Debug|x86.Build.0 = Debug|x86
		{22AB4AD0-E629-434C-ACC6-91C03EB2ED77}.Release|Any CPU.ActiveCfg = Release|x86
		{22AB4AD0-E629-434C-ACC6-91C03EB2ED77}.Release|Mixed Platforms.ActiveCfg = Release|x86
		{22AB4AD0-E629-434C-ACC6-91C03EB2ED77}.Release|Mixed Platforms.Build.0 = Release|x86
		{22AB4AD0-E629-434C-ACC6-91C03EB2ED77}.Release|x86.ActiveCfg = Release|x86
		{22AB4AD0-E629-434C-ACC6-91C03EB2ED77}.Release|x86.Build.0 = Release|x86
		{46080AC3-9FBA-4E82-9283-67531FECF89E}.Debug|Any CPU.ActiveCfg = Debug|Any CPU
		{46080AC3-9FBA-4E82-9283-67531FECF89E}.Debug|Any CPU.Build.0 = Debug|Any CPU
		{46080AC3-9FBA-4E82-9283-67531FECF89E}.Debug|Mixed Platforms.ActiveCfg = Debug|Any CPU
		{46080AC3-9FBA-4E82-9283-67531FECF89E}.Debug|Mixed Platforms.Build.0 = Debug|Any CPU
		{46080AC3-9FBA-4E82-9283-67531FECF89E}.Debug|x86.ActiveCfg = Debug|Any CPU
		{46080AC3-9FBA-4E82-9283-67531FECF89E}.Release|Any CPU.ActiveCfg = Release|Any CPU
		{46080AC3-9FBA-4E82-9283-67531FECF89E}.Release|Any CPU.Build.0 = Release|Any CPU
		{46080AC3-9FBA-4E82-9283-67531FECF89E}.Release|Mixed Platforms.ActiveCfg = Release|Any CPU
		{46080AC3-9FBA-4E82-9283-67531FECF89E}.Release|Mixed Platforms.Build.0 = Release|Any CPU
		{46080AC3-9FBA-4E82-9283-67531FECF89E}.Release|x86.ActiveCfg = Release|Any CPU
		{D8CCECAF-3D84-4453-BBB7-65B64AE2C36B}.Debug|Any CPU.ActiveCfg = Debug|x86
		{D8CCECAF-3D84-4453-BBB7-65B64AE2C36B}.Debug|Mixed Platforms.ActiveCfg = Debug|x86
		{D8CCECAF-3D84-4453-BBB7-65B64AE2C36B}.Debug|Mixed Platforms.Build.0 = Debug|x86
		{D8CCECAF-3D84-4453-BBB7-65B64AE2C36B}.Debug|x86.ActiveCfg = Debug|x86
		{D8CCECAF-3D84-4453-BBB7-65B64AE2C36B}.Debug|x86.Build.0 = Debug|x86
		{D8CCECAF-3D84-4453-BBB7-65B64AE2C36B}.Release|Any CPU.ActiveCfg = Release|x86
		{D8CCECAF-3D84-4453-BBB7-65B64AE2C36B}.Release|Mixed Platforms.ActiveCfg = Release|x86
		{D8CCECAF-3D84-4453-BBB7-65B64AE2C36B}.Release|Mixed Platforms.Build.0 = Release|x86
		{D8CCECAF-3D84-4453-BBB7-65B64AE2C36B}.Release|x86.ActiveCfg = Release|x86
		{D8CCECAF-3D84-4453-BBB7-65B64AE2C36B}.Release|x86.Build.0 = Release|x86
		{D3B29A0E-0B4D-4B98-A930-8D3476ADAE46}.Debug|Any CPU.ActiveCfg = Debug|x86
		{D3B29A0E-0B4D-4B98-A930-8D3476ADAE46}.Debug|Mixed Platforms.ActiveCfg = Debug|x86
		{D3B29A0E-0B4D-4B98-A930-8D3476ADAE46}.Debug|Mixed Platforms.Build.0 = Debug|x86
		{D3B29A0E-0B4D-4B98-A930-8D3476ADAE46}.Debug|x86.ActiveCfg = Debug|x86
		{D3B29A0E-0B4D-4B98-A930-8D3476ADAE46}.Debug|x86.Build.0 = Debug|x86
		{D3B29A0E-0B4D-4B98-A930-8D3476ADAE46}.Release|Any CPU.ActiveCfg = Release|x86
		{D3B29A0E-0B4D-4B98-A930-8D3476ADAE46}.Release|Mixed Platforms.ActiveCfg = Release|x86
		{D3B29A0E-0B4D-4B98-A930-8D3476ADAE46}.Release|Mixed Platforms.Build.0 = Release|x86
		{D3B29A0E-0B4D-4B98-A930-8D3476ADAE46}.Release|x86.ActiveCfg = Release|x86
		{D3B29A0E-0B4D-4B98-A930-8D3476ADAE46}.Release|x86.Build.0 = Release|x86
		{EEAB4D74-64C9-488F-98EF-BCE316B5673C}.Debug|Any CPU.ActiveCfg = Debug|Any CPU
		{EEAB4D74-64C9-488F-98EF-BCE316B5673C}.Debug|Any CPU.Build.0 = Debug|Any CPU
		{EEAB4D74-64C9-488F-98EF-BCE316B5673C}.Debug|Mixed Platforms.ActiveCfg = Debug|Any CPU
		{EEAB4D74-64C9-488F-98EF-BCE316B5673C}.Debug|Mixed Platforms.Build.0 = Debug|Any CPU
		{EEAB4D74-64C9-488F-98EF-BCE316B5673C}.Debug|x86.ActiveCfg = Debug|Any CPU
		{EEAB4D74-64C9-488F-98EF-BCE316B5673C}.Release|Any CPU.ActiveCfg = Release|Any CPU
		{EEAB4D74-64C9-488F-98EF-BCE316B5673C}.Release|Any CPU.Build.0 = Release|Any CPU
		{EEAB4D74-64C9-488F-98EF-BCE316B5673C}.Release|Mixed Platforms.ActiveCfg = Release|Any CPU
		{EEAB4D74-64C9-488F-98EF-BCE316B5673C}.Release|Mixed Platforms.Build.0 = Release|Any CPU
		{EEAB4D74-64C9-488F-98EF-BCE316B5673C}.Release|x86.ActiveCfg = Release|Any CPU
		{46140C8A-A661-4469-95A0-96488E3FE314}.Debug|Any CPU.ActiveCfg = Debug|Any CPU
		{46140C8A-A661-4469-95A0-96488E3FE314}.Debug|Any CPU.Build.0 = Debug|Any CPU
		{46140C8A-A661-4469-95A0-96488E3FE314}.Debug|Mixed Platforms.ActiveCfg = Debug|Any CPU
		{46140C8A-A661-4469-95A0-96488E3FE314}.Debug|Mixed Platforms.Build.0 = Debug|Any CPU
		{46140C8A-A661-4469-95A0-96488E3FE314}.Debug|x86.ActiveCfg = Debug|Any CPU
		{46140C8A-A661-4469-95A0-96488E3FE314}.Release|Any CPU.ActiveCfg = Release|Any CPU
		{46140C8A-A661-4469-95A0-96488E3FE314}.Release|Any CPU.Build.0 = Release|Any CPU
		{46140C8A-A661-4469-95A0-96488E3FE314}.Release|Mixed Platforms.ActiveCfg = Release|Any CPU
		{46140C8A-A661-4469-95A0-96488E3FE314}.Release|Mixed Platforms.Build.0 = Release|Any CPU
		{46140C8A-A661-4469-95A0-96488E3FE314}.Release|x86.ActiveCfg = Release|Any CPU
		{FCFD2931-2135-4AC0-887F-BBB6A2A3E888}.Debug|Any CPU.ActiveCfg = Debug|Any CPU
		{FCFD2931-2135-4AC0-887F-BBB6A2A3E888}.Debug|Any CPU.Build.0 = Debug|Any CPU
		{FCFD2931-2135-4AC0-887F-BBB6A2A3E888}.Debug|Mixed Platforms.ActiveCfg = Debug|Any CPU
		{FCFD2931-2135-4AC0-887F-BBB6A2A3E888}.Debug|Mixed Platforms.Build.0 = Debug|Any CPU
		{FCFD2931-2135-4AC0-887F-BBB6A2A3E888}.Debug|x86.ActiveCfg = Debug|Any CPU
		{FCFD2931-2135-4AC0-887F-BBB6A2A3E888}.Release|Any CPU.ActiveCfg = Release|Any CPU
		{FCFD2931-2135-4AC0-887F-BBB6A2A3E888}.Release|Any CPU.Build.0 = Release|Any CPU
		{FCFD2931-2135-4AC0-887F-BBB6A2A3E888}.Release|Mixed Platforms.ActiveCfg = Release|Any CPU
		{FCFD2931-2135-4AC0-887F-BBB6A2A3E888}.Release|Mixed Platforms.Build.0 = Release|Any CPU
		{FCFD2931-2135-4AC0-887F-BBB6A2A3E888}.Release|x86.ActiveCfg = Release|Any CPU
		{D4731F3C-DB10-47B0-9D63-A0A6E52F3F51}.Debug|Any CPU.ActiveCfg = Debug|Any CPU
		{D4731F3C-DB10-47B0-9D63-A0A6E52F3F51}.Debug|Any CPU.Build.0 = Debug|Any CPU
		{D4731F3C-DB10-47B0-9D63-A0A6E52F3F51}.Debug|Mixed Platforms.ActiveCfg = Debug|Any CPU
		{D4731F3C-DB10-47B0-9D63-A0A6E52F3F51}.Debug|Mixed Platforms.Build.0 = Debug|Any CPU
		{D4731F3C-DB10-47B0-9D63-A0A6E52F3F51}.Debug|x86.ActiveCfg = Debug|Any CPU
		{D4731F3C-DB10-47B0-9D63-A0A6E52F3F51}.Release|Any CPU.ActiveCfg = Release|Any CPU
		{D4731F3C-DB10-47B0-9D63-A0A6E52F3F51}.Release|Any CPU.Build.0 = Release|Any CPU
		{D4731F3C-DB10-47B0-9D63-A0A6E52F3F51}.Release|Mixed Platforms.ActiveCfg = Release|Any CPU
		{D4731F3C-DB10-47B0-9D63-A0A6E52F3F51}.Release|Mixed Platforms.Build.0 = Release|Any CPU
		{D4731F3C-DB10-47B0-9D63-A0A6E52F3F51}.Release|x86.ActiveCfg = Release|Any CPU
		{17EB41BC-C199-4126-8AAF-FE4E0E44F3B3}.Debug|Any CPU.ActiveCfg = Debug|Any CPU
		{17EB41BC-C199-4126-8AAF-FE4E0E44F3B3}.Debug|Any CPU.Build.0 = Debug|Any CPU
		{17EB41BC-C199-4126-8AAF-FE4E0E44F3B3}.Debug|Mixed Platforms.ActiveCfg = Debug|Any CPU
		{17EB41BC-C199-4126-8AAF-FE4E0E44F3B3}.Debug|Mixed Platforms.Build.0 = Debug|Any CPU
		{17EB41BC-C199-4126-8AAF-FE4E0E44F3B3}.Debug|x86.ActiveCfg = Debug|Any CPU
		{17EB41BC-C199-4126-8AAF-FE4E0E44F3B3}.Release|Any CPU.ActiveCfg = Release|Any CPU
		{17EB41BC-C199-4126-8AAF-FE4E0E44F3B3}.Release|Any CPU.Build.0 = Release|Any CPU
		{17EB41BC-C199-4126-8AAF-FE4E0E44F3B3}.Release|Mixed Platforms.ActiveCfg = Release|Any CPU
		{17EB41BC-C199-4126-8AAF-FE4E0E44F3B3}.Release|Mixed Platforms.Build.0 = Release|Any CPU
		{17EB41BC-C199-4126-8AAF-FE4E0E44F3B3}.Release|x86.ActiveCfg = Release|Any CPU
		{2A695D89-5873-466F-91C8-373F13141E7C}.Debug|Any CPU.ActiveCfg = Debug|Any CPU
		{2A695D89-5873-466F-91C8-373F13141E7C}.Debug|Any CPU.Build.0 = Debug|Any CPU
		{2A695D89-5873-466F-91C8-373F13141E7C}.Debug|Mixed Platforms.ActiveCfg = Debug|Any CPU
		{2A695D89-5873-466F-91C8-373F13141E7C}.Debug|Mixed Platforms.Build.0 = Debug|Any CPU
		{2A695D89-5873-466F-91C8-373F13141E7C}.Debug|x86.ActiveCfg = Debug|Any CPU
		{2A695D89-5873-466F-91C8-373F13141E7C}.Release|Any CPU.ActiveCfg = Debug|Any CPU
		{2A695D89-5873-466F-91C8-373F13141E7C}.Release|Any CPU.Build.0 = Debug|Any CPU
		{2A695D89-5873-466F-91C8-373F13141E7C}.Release|Mixed Platforms.ActiveCfg = Debug|Any CPU
		{2A695D89-5873-466F-91C8-373F13141E7C}.Release|Mixed Platforms.Build.0 = Debug|Any CPU
		{2A695D89-5873-466F-91C8-373F13141E7C}.Release|x86.ActiveCfg = Debug|Any CPU
		{ACF0F52C-A59E-4D34-89F9-C8CC123783DA}.Debug|Any CPU.ActiveCfg = Debug|x86
		{ACF0F52C-A59E-4D34-89F9-C8CC123783DA}.Debug|Mixed Platforms.ActiveCfg = Debug|x86
		{ACF0F52C-A59E-4D34-89F9-C8CC123783DA}.Debug|Mixed Platforms.Build.0 = Debug|x86
		{ACF0F52C-A59E-4D34-89F9-C8CC123783DA}.Debug|x86.ActiveCfg = Debug|x86
		{ACF0F52C-A59E-4D34-89F9-C8CC123783DA}.Debug|x86.Build.0 = Debug|x86
		{ACF0F52C-A59E-4D34-89F9-C8CC123783DA}.Release|Any CPU.ActiveCfg = Release|x86
		{ACF0F52C-A59E-4D34-89F9-C8CC123783DA}.Release|Mixed Platforms.ActiveCfg = Release|x86
		{ACF0F52C-A59E-4D34-89F9-C8CC123783DA}.Release|Mixed Platforms.Build.0 = Release|x86
		{ACF0F52C-A59E-4D34-89F9-C8CC123783DA}.Release|x86.ActiveCfg = Release|x86
		{ACF0F52C-A59E-4D34-89F9-C8CC123783DA}.Release|x86.Build.0 = Release|x86
		{67F00057-EE87-4F91-9D0D-30BD1CC98004}.Debug|Any CPU.ActiveCfg = Debug|x86
		{67F00057-EE87-4F91-9D0D-30BD1CC98004}.Debug|Mixed Platforms.ActiveCfg = Debug|x86
		{67F00057-EE87-4F91-9D0D-30BD1CC98004}.Debug|Mixed Platforms.Build.0 = Debug|x86
		{67F00057-EE87-4F91-9D0D-30BD1CC98004}.Debug|x86.ActiveCfg = Debug|x86
		{67F00057-EE87-4F91-9D0D-30BD1CC98004}.Debug|x86.Build.0 = Debug|x86
		{67F00057-EE87-4F91-9D0D-30BD1CC98004}.Release|Any CPU.ActiveCfg = Release|x86
		{67F00057-EE87-4F91-9D0D-30BD1CC98004}.Release|Mixed Platforms.ActiveCfg = Release|x86
		{67F00057-EE87-4F91-9D0D-30BD1CC98004}.Release|Mixed Platforms.Build.0 = Release|x86
		{67F00057-EE87-4F91-9D0D-30BD1CC98004}.Release|x86.ActiveCfg = Release|x86
		{67F00057-EE87-4F91-9D0D-30BD1CC98004}.Release|x86.Build.0 = Release|x86
		{811F9714-A06F-4F7B-9E94-6C279B48A30E}.Debug|Any CPU.ActiveCfg = Debug|x86
		{811F9714-A06F-4F7B-9E94-6C279B48A30E}.Debug|Mixed Platforms.ActiveCfg = Debug|x86
		{811F9714-A06F-4F7B-9E94-6C279B48A30E}.Debug|Mixed Platforms.Build.0 = Debug|x86
		{811F9714-A06F-4F7B-9E94-6C279B48A30E}.Debug|x86.ActiveCfg = Debug|x86
		{811F9714-A06F-4F7B-9E94-6C279B48A30E}.Debug|x86.Build.0 = Debug|x86
		{811F9714-A06F-4F7B-9E94-6C279B48A30E}.Release|Any CPU.ActiveCfg = Release|x86
		{811F9714-A06F-4F7B-9E94-6C279B48A30E}.Release|Mixed Platforms.ActiveCfg = Release|x86
		{811F9714-A06F-4F7B-9E94-6C279B48A30E}.Release|Mixed Platforms.Build.0 = Release|x86
		{811F9714-A06F-4F7B-9E94-6C279B48A30E}.Release|x86.ActiveCfg = Release|x86
		{811F9714-A06F-4F7B-9E94-6C279B48A30E}.Release|x86.Build.0 = Release|x86
		{EAE561F9-BDED-4967-B1B3-3470AAD74B17}.Debug|Any CPU.ActiveCfg = Debug|x86
		{EAE561F9-BDED-4967-B1B3-3470AAD74B17}.Debug|Mixed Platforms.ActiveCfg = Debug|x86
		{EAE561F9-BDED-4967-B1B3-3470AAD74B17}.Debug|Mixed Platforms.Build.0 = Debug|x86
		{EAE561F9-BDED-4967-B1B3-3470AAD74B17}.Debug|x86.ActiveCfg = Debug|x86
		{EAE561F9-BDED-4967-B1B3-3470AAD74B17}.Debug|x86.Build.0 = Debug|x86
		{EAE561F9-BDED-4967-B1B3-3470AAD74B17}.Release|Any CPU.ActiveCfg = Release|x86
		{EAE561F9-BDED-4967-B1B3-3470AAD74B17}.Release|Mixed Platforms.ActiveCfg = Release|x86
		{EAE561F9-BDED-4967-B1B3-3470AAD74B17}.Release|Mixed Platforms.Build.0 = Release|x86
		{EAE561F9-BDED-4967-B1B3-3470AAD74B17}.Release|x86.ActiveCfg = Release|x86
		{EAE561F9-BDED-4967-B1B3-3470AAD74B17}.Release|x86.Build.0 = Release|x86
		{DB9E830E-0635-4AB2-9574-738F7DC1AD67}.Debug|Any CPU.ActiveCfg = Debug|x86
		{DB9E830E-0635-4AB2-9574-738F7DC1AD67}.Debug|Mixed Platforms.ActiveCfg = Debug|x86
		{DB9E830E-0635-4AB2-9574-738F7DC1AD67}.Debug|Mixed Platforms.Build.0 = Debug|x86
		{DB9E830E-0635-4AB2-9574-738F7DC1AD67}.Debug|x86.ActiveCfg = Debug|x86
		{DB9E830E-0635-4AB2-9574-738F7DC1AD67}.Debug|x86.Build.0 = Debug|x86
		{DB9E830E-0635-4AB2-9574-738F7DC1AD67}.Release|Any CPU.ActiveCfg = Release|x86
		{DB9E830E-0635-4AB2-9574-738F7DC1AD67}.Release|Mixed Platforms.ActiveCfg = Release|x86
		{DB9E830E-0635-4AB2-9574-738F7DC1AD67}.Release|Mixed Platforms.Build.0 = Release|x86
		{DB9E830E-0635-4AB2-9574-738F7DC1AD67}.Release|x86.ActiveCfg = Release|x86
		{DB9E830E-0635-4AB2-9574-738F7DC1AD67}.Release|x86.Build.0 = Release|x86
		{77DB63BC-7F6C-4895-8A24-82B8A05A0BF1}.Debug|Any CPU.ActiveCfg = Debug|Any CPU
		{77DB63BC-7F6C-4895-8A24-82B8A05A0BF1}.Debug|Any CPU.Build.0 = Debug|Any CPU
		{77DB63BC-7F6C-4895-8A24-82B8A05A0BF1}.Debug|Mixed Platforms.ActiveCfg = Debug|Any CPU
		{77DB63BC-7F6C-4895-8A24-82B8A05A0BF1}.Debug|Mixed Platforms.Build.0 = Debug|Any CPU
		{77DB63BC-7F6C-4895-8A24-82B8A05A0BF1}.Debug|x86.ActiveCfg = Debug|Any CPU
		{77DB63BC-7F6C-4895-8A24-82B8A05A0BF1}.Release|Any CPU.ActiveCfg = Debug|Any CPU
		{77DB63BC-7F6C-4895-8A24-82B8A05A0BF1}.Release|Any CPU.Build.0 = Debug|Any CPU
		{77DB63BC-7F6C-4895-8A24-82B8A05A0BF1}.Release|Mixed Platforms.ActiveCfg = Debug|Any CPU
		{77DB63BC-7F6C-4895-8A24-82B8A05A0BF1}.Release|Mixed Platforms.Build.0 = Debug|Any CPU
		{77DB63BC-7F6C-4895-8A24-82B8A05A0BF1}.Release|x86.ActiveCfg = Debug|Any CPU
		{2EBFBB10-41B9-4F49-B7F4-02A38ECC3CD1}.Debug|Any CPU.ActiveCfg = Debug|x86
		{2EBFBB10-41B9-4F49-B7F4-02A38ECC3CD1}.Debug|Mixed Platforms.ActiveCfg = Debug|x86
		{2EBFBB10-41B9-4F49-B7F4-02A38ECC3CD1}.Debug|Mixed Platforms.Build.0 = Debug|x86
		{2EBFBB10-41B9-4F49-B7F4-02A38ECC3CD1}.Debug|x86.ActiveCfg = Debug|x86
		{2EBFBB10-41B9-4F49-B7F4-02A38ECC3CD1}.Debug|x86.Build.0 = Debug|x86
		{2EBFBB10-41B9-4F49-B7F4-02A38ECC3CD1}.Release|Any CPU.ActiveCfg = Release|x86
		{2EBFBB10-41B9-4F49-B7F4-02A38ECC3CD1}.Release|Mixed Platforms.ActiveCfg = Release|x86
		{2EBFBB10-41B9-4F49-B7F4-02A38ECC3CD1}.Release|Mixed Platforms.Build.0 = Release|x86
		{2EBFBB10-41B9-4F49-B7F4-02A38ECC3CD1}.Release|x86.ActiveCfg = Release|x86
		{2EBFBB10-41B9-4F49-B7F4-02A38ECC3CD1}.Release|x86.Build.0 = Release|x86
		{9AFE2357-CA1F-4364-8C2F-CDA7879C315C}.Debug|Any CPU.ActiveCfg = Debug|Any CPU
		{9AFE2357-CA1F-4364-8C2F-CDA7879C315C}.Debug|Any CPU.Build.0 = Debug|Any CPU
		{9AFE2357-CA1F-4364-8C2F-CDA7879C315C}.Debug|Mixed Platforms.ActiveCfg = Debug|Any CPU
		{9AFE2357-CA1F-4364-8C2F-CDA7879C315C}.Debug|Mixed Platforms.Build.0 = Debug|Any CPU
		{9AFE2357-CA1F-4364-8C2F-CDA7879C315C}.Debug|x86.ActiveCfg = Debug|Any CPU
		{9AFE2357-CA1F-4364-8C2F-CDA7879C315C}.Release|Any CPU.ActiveCfg = Debug|Any CPU
		{9AFE2357-CA1F-4364-8C2F-CDA7879C315C}.Release|Any CPU.Build.0 = Debug|Any CPU
		{9AFE2357-CA1F-4364-8C2F-CDA7879C315C}.Release|Mixed Platforms.ActiveCfg = Debug|Any CPU
		{9AFE2357-CA1F-4364-8C2F-CDA7879C315C}.Release|Mixed Platforms.Build.0 = Debug|Any CPU
		{9AFE2357-CA1F-4364-8C2F-CDA7879C315C}.Release|x86.ActiveCfg = Debug|Any CPU
		{8EE767BD-2203-4AEC-86A5-2EF88D5C2BFA}.Debug|Any CPU.ActiveCfg = Debug|Any CPU
		{8EE767BD-2203-4AEC-86A5-2EF88D5C2BFA}.Debug|Any CPU.Build.0 = Debug|Any CPU
		{8EE767BD-2203-4AEC-86A5-2EF88D5C2BFA}.Debug|Mixed Platforms.ActiveCfg = Debug|Any CPU
		{8EE767BD-2203-4AEC-86A5-2EF88D5C2BFA}.Debug|Mixed Platforms.Build.0 = Debug|Any CPU
		{8EE767BD-2203-4AEC-86A5-2EF88D5C2BFA}.Debug|x86.ActiveCfg = Debug|Any CPU
		{8EE767BD-2203-4AEC-86A5-2EF88D5C2BFA}.Release|Any CPU.ActiveCfg = Debug|Any CPU
		{8EE767BD-2203-4AEC-86A5-2EF88D5C2BFA}.Release|Any CPU.Build.0 = Debug|Any CPU
		{8EE767BD-2203-4AEC-86A5-2EF88D5C2BFA}.Release|Mixed Platforms.ActiveCfg = Debug|Any CPU
		{8EE767BD-2203-4AEC-86A5-2EF88D5C2BFA}.Release|Mixed Platforms.Build.0 = Debug|Any CPU
		{8EE767BD-2203-4AEC-86A5-2EF88D5C2BFA}.Release|x86.ActiveCfg = Debug|Any CPU
		{4BF5642E-684E-4354-8CC0-AC8222DEF401}.Debug|Any CPU.ActiveCfg = Debug|Any CPU
		{4BF5642E-684E-4354-8CC0-AC8222DEF401}.Debug|Any CPU.Build.0 = Debug|Any CPU
		{4BF5642E-684E-4354-8CC0-AC8222DEF401}.Debug|Mixed Platforms.ActiveCfg = Debug|Any CPU
		{4BF5642E-684E-4354-8CC0-AC8222DEF401}.Debug|Mixed Platforms.Build.0 = Debug|Any CPU
		{4BF5642E-684E-4354-8CC0-AC8222DEF401}.Debug|x86.ActiveCfg = Debug|Any CPU
		{4BF5642E-684E-4354-8CC0-AC8222DEF401}.Release|Any CPU.ActiveCfg = Release|Any CPU
		{4BF5642E-684E-4354-8CC0-AC8222DEF401}.Release|Any CPU.Build.0 = Release|Any CPU
		{4BF5642E-684E-4354-8CC0-AC8222DEF401}.Release|Mixed Platforms.ActiveCfg = Release|Any CPU
		{4BF5642E-684E-4354-8CC0-AC8222DEF401}.Release|Mixed Platforms.Build.0 = Release|Any CPU
		{4BF5642E-684E-4354-8CC0-AC8222DEF401}.Release|x86.ActiveCfg = Release|Any CPU
	EndGlobalSection
	GlobalSection(SolutionProperties) = preSolution
		HideSolutionNode = FALSE
	EndGlobalSection
EndGlobal
